STORAGE: NONE
STRATEGY: MIN
LOWEST_MATCHING: TRUE
COPY-LOCAL: TRUE
SPECIFIC-VERSION: FALSE
RESTRICTION: || (== net48) (== netstandard2.0)
NUGET
  remote: https://api.nuget.org/v3/index.json
    Castle.Core (5.1.1)
      System.Diagnostics.EventLog (>= 4.7) - restriction: || (&& (== net48) (< net462)) (&& (== net48) (>= netstandard2.1)) (== netstandard2.0)
      System.Reflection.Emit (>= 4.7) - restriction: || (&& (== net48) (< net462)) (== netstandard2.0)
    DiffEngine (6.4.9)
      EmptyFiles (>= 2.3.3)
      Microsoft.Windows.Compatibility (>= 5.0) - restriction: || (&& (== net48) (< net461)) (&& (== net48) (>= netstandard2.1)) (== netstandard2.0)
      System.Runtime.InteropServices.RuntimeInformation (>= 4.3) - restriction: || (== net48) (&& (== netstandard2.0) (>= net461))
    EmptyFiles (2.3.3)
    Enums.NET (5.0)
      System.ComponentModel.Annotations (>= 5.0) - restriction: || (&& (== net48) (< net461)) (&& (== net48) (>= netstandard2.1)) (== netstandard2.0)
      System.Runtime.CompilerServices.Unsafe (>= 6.0)
    FasterFlect.Xpand (2.0.7)
      System.Reflection.Emit.Lightweight (>= 4.6)
    Humanizer.Core (2.14.1)
    Microsoft.Bcl.AsyncInterfaces (9.0.18)
      System.Threading.Tasks.Extensions (>= 4.5.4)
    Microsoft.Bcl.Cryptography (9.0.18)
      System.Formats.Asn1 (>= 9.0.18)
      System.Memory (>= 4.5.5)
      System.Runtime.CompilerServices.Unsafe (>= 6.0)
    Microsoft.CodeAnalysis (4.12)
      Humanizer.Core (>= 2.14.1)
      Microsoft.Bcl.AsyncInterfaces (>= 8.0)
      Microsoft.CodeAnalysis.Analyzers (>= 3.3.4)
      Microsoft.CodeAnalysis.CSharp.Workspaces (4.12)
      Microsoft.CodeAnalysis.VisualBasic.Workspaces (4.12)
      System.Buffers (>= 4.5.1)
      System.Collections.Immutable (>= 8.0)
      System.Composition (>= 8.0)
      System.IO.Pipelines (>= 8.0)
      System.Memory (>= 4.5.5)
      System.Numerics.Vectors (>= 4.5)
      System.Reflection.Metadata (>= 8.0)
      System.Runtime.CompilerServices.Unsafe (>= 6.0)
      System.Text.Encoding.CodePages (>= 7.0)
      System.Threading.Channels (>= 7.0)
      System.Threading.Tasks.Extensions (>= 4.5.4)
    Microsoft.CodeAnalysis.Analyzers (3.3.4)
    Microsoft.CodeAnalysis.Common (4.12)
      Microsoft.CodeAnalysis.Analyzers (>= 3.3.4)
      System.Buffers (>= 4.5.1)
      System.Collections.Immutable (>= 8.0)
      System.Memory (>= 4.5.5)
      System.Numerics.Vectors (>= 4.5)
      System.Reflection.Metadata (>= 8.0)
      System.Runtime.CompilerServices.Unsafe (>= 6.0)
      System.Text.Encoding.CodePages (>= 7.0)
      System.Threading.Tasks.Extensions (>= 4.5.4)
    Microsoft.CodeAnalysis.CSharp (4.12)
      Microsoft.CodeAnalysis.Analyzers (>= 3.3.4)
      Microsoft.CodeAnalysis.Common (4.12)
      System.Buffers (>= 4.5.1)
      System.Collections.Immutable (>= 8.0)
      System.Memory (>= 4.5.5)
      System.Numerics.Vectors (>= 4.5)
      System.Reflection.Metadata (>= 8.0)
      System.Runtime.CompilerServices.Unsafe (>= 6.0)
      System.Text.Encoding.CodePages (>= 7.0)
      System.Threading.Tasks.Extensions (>= 4.5.4)
    Microsoft.CodeAnalysis.CSharp.Workspaces (4.12)
      Humanizer.Core (>= 2.14.1)
      Microsoft.Bcl.AsyncInterfaces (>= 8.0)
      Microsoft.CodeAnalysis.Analyzers (>= 3.3.4)
      Microsoft.CodeAnalysis.Common (4.12)
      Microsoft.CodeAnalysis.CSharp (4.12)
      Microsoft.CodeAnalysis.Workspaces.Common (4.12)
      System.Buffers (>= 4.5.1)
      System.Collections.Immutable (>= 8.0)
      System.Composition (>= 8.0)
      System.IO.Pipelines (>= 8.0)
      System.Memory (>= 4.5.5)
      System.Numerics.Vectors (>= 4.5)
      System.Reflection.Metadata (>= 8.0)
      System.Runtime.CompilerServices.Unsafe (>= 6.0)
      System.Text.Encoding.CodePages (>= 7.0)
      System.Threading.Channels (>= 7.0)
      System.Threading.Tasks.Extensions (>= 4.5.4)
    Microsoft.CodeAnalysis.VisualBasic (4.12)
      Microsoft.CodeAnalysis.Analyzers (>= 3.3.4)
      Microsoft.CodeAnalysis.Common (4.12)
      System.Buffers (>= 4.5.1)
      System.Collections.Immutable (>= 8.0)
      System.Memory (>= 4.5.5)
      System.Numerics.Vectors (>= 4.5)
      System.Reflection.Metadata (>= 8.0)
      System.Runtime.CompilerServices.Unsafe (>= 6.0)
      System.Text.Encoding.CodePages (>= 7.0)
      System.Threading.Tasks.Extensions (>= 4.5.4)
    Microsoft.CodeAnalysis.VisualBasic.Workspaces (4.12)
      Humanizer.Core (>= 2.14.1)
      Microsoft.Bcl.AsyncInterfaces (>= 8.0)
      Microsoft.CodeAnalysis.Analyzers (>= 3.3.4)
      Microsoft.CodeAnalysis.Common (4.12)
      Microsoft.CodeAnalysis.VisualBasic (4.12)
      Microsoft.CodeAnalysis.Workspaces.Common (4.12)
      System.Buffers (>= 4.5.1)
      System.Collections.Immutable (>= 8.0)
      System.Composition (>= 8.0)
      System.IO.Pipelines (>= 8.0)
      System.Memory (>= 4.5.5)
      System.Numerics.Vectors (>= 4.5)
      System.Reflection.Metadata (>= 8.0)
      System.Runtime.CompilerServices.Unsafe (>= 6.0)
      System.Text.Encoding.CodePages (>= 7.0)
      System.Threading.Channels (>= 7.0)
      System.Threading.Tasks.Extensions (>= 4.5.4)
    Microsoft.CodeAnalysis.Workspaces.Common (4.12)
      Humanizer.Core (>= 2.14.1)
      Microsoft.Bcl.AsyncInterfaces (>= 8.0)
      Microsoft.CodeAnalysis.Analyzers (>= 3.3.4)
      Microsoft.CodeAnalysis.Common (4.12)
      System.Buffers (>= 4.5.1)
      System.Collections.Immutable (>= 8.0)
      System.Composition (>= 8.0)
      System.IO.Pipelines (>= 8.0)
      System.Memory (>= 4.5.5)
      System.Numerics.Vectors (>= 4.5)
      System.Reflection.Metadata (>= 8.0)
      System.Runtime.CompilerServices.Unsafe (>= 6.0)
      System.Text.Encoding.CodePages (>= 7.0)
      System.Threading.Channels (>= 7.0)
      System.Threading.Tasks.Extensions (>= 4.5.4)
    Microsoft.CSharp (4.7)
    Microsoft.Extensions.Configuration.Abstractions (9.0.18)
      Microsoft.Extensions.Primitives (>= 9.0.18)
      System.ValueTuple (>= 4.5) - restriction: || (== net48) (&& (== netstandard2.0) (>= net462))
    Microsoft.Extensions.DependencyInjection.Abstractions (9.0.18)
      Microsoft.Bcl.AsyncInterfaces (>= 9.0.18)
      System.Threading.Tasks.Extensions (>= 4.5.4)
    Microsoft.Extensions.FileProviders.Abstractions (9.0.18)
      Microsoft.Extensions.Primitives (>= 9.0.18)
    Microsoft.Extensions.Options (9.0.18)
      Microsoft.Extensions.DependencyInjection.Abstractions (>= 9.0.18)
      Microsoft.Extensions.Primitives (>= 9.0.18)
      System.ComponentModel.Annotations (>= 5.0) - restriction: || (&& (== net48) (< net462)) (&& (== net48) (>= netstandard2.1)) (== netstandard2.0)
      System.ValueTuple (>= 4.5) - restriction: || (== net48) (&& (== netstandard2.0) (>= net462))
    Microsoft.Extensions.Primitives (9.0.18)
      System.Memory (>= 4.5.5)
      System.Runtime.CompilerServices.Unsafe (>= 6.0)
    Microsoft.Win32.Registry (5.0)
      System.Buffers (>= 4.5.1) - restriction: || (&& (== net48) (>= monoandroid) (< netstandard1.3)) (&& (== net48) (>= monotouch)) (&& (== net48) (< net46)) (&& (== net48) (>= xamarinios)) (&& (== net48) (>= xamarinmac)) (&& (== net48) (>= xamarintvos)) (&& (== net48) (>= xamarinwatchos)) (== netstandard2.0)
      System.Memory (>= 4.5.4) - restriction: || (&& (== net48) (< net46)) (&& (== net48) (>= netcoreapp2.0)) (&& (== net48) (>= uap10.1)) (== netstandard2.0)
      System.Security.AccessControl (>= 5.0)
      System.Security.Principal.Windows (>= 5.0)
    Microsoft.Win32.Registry.AccessControl (9.0.18)
      Microsoft.Win32.Registry (>= 5.0)
      System.Security.AccessControl (>= 6.0)
    Microsoft.Win32.SystemEvents (9.0.18)
    Microsoft.Windows.Compatibility (9.0.18)
      Microsoft.Win32.Registry (>= 5.0)
      Microsoft.Win32.Registry.AccessControl (>= 9.0.18)
      Microsoft.Win32.SystemEvents (>= 9.0.18)
      System.CodeDom (>= 9.0.18)
      System.ComponentModel.Composition (>= 9.0.18)
      System.Configuration.ConfigurationManager (>= 9.0.18)
      System.Data.DataSetExtensions (>= 4.5)
      System.Data.Odbc (>= 9.0.18)
      System.Data.OleDb (>= 9.0.18)
      System.Data.SqlClient (>= 4.9)
      System.Diagnostics.EventLog (>= 9.0.18)
      System.Diagnostics.PerformanceCounter (>= 9.0.18)
      System.DirectoryServices (>= 9.0.18)
      System.DirectoryServices.AccountManagement (>= 9.0.18)
      System.DirectoryServices.Protocols (>= 9.0.18)
      System.Drawing.Common (>= 9.0.18)
      System.IO.FileSystem.AccessControl (>= 5.0)
      System.IO.Packaging (>= 9.0.18)
      System.IO.Pipes.AccessControl (>= 5.0)
      System.IO.Ports (>= 9.0.18)
      System.Management (>= 9.0.18)
      System.Reflection.Context (>= 9.0.18)
      System.Reflection.Emit (>= 4.7)
      System.Reflection.Emit.ILGeneration (>= 4.7)
      System.Reflection.Emit.Lightweight (>= 4.7)
      System.Runtime.Caching (>= 9.0.18)
      System.Security.AccessControl (>= 6.0)
      System.Security.Cryptography.Cng (>= 5.0)
      System.Security.Cryptography.Pkcs (>= 9.0.18)
      System.Security.Cryptography.ProtectedData (>= 9.0.18)
      System.Security.Cryptography.Xml (>= 9.0.18)
      System.Security.Permissions (>= 9.0.18)
      System.Security.Principal.Windows (>= 5.0)
      System.ServiceModel.Duplex (>= 4.10.3)
      System.ServiceModel.Http (>= 4.10.3)
      System.ServiceModel.NetTcp (>= 4.10.3)
      System.ServiceModel.Primitives (>= 4.10.3)
      System.ServiceModel.Security (>= 4.10.3)
      System.ServiceModel.Syndication (>= 9.0.18)
      System.ServiceProcess.ServiceController (>= 9.0.18)
      System.Speech (>= 9.0.18)
      System.Text.Encoding.CodePages (>= 9.0.18)
      System.Threading.AccessControl (>= 9.0.18)
      System.Web.Services.Description (>= 4.10.3)
    Moq (4.20.72)
      Castle.Core (>= 5.1.1)
      System.Threading.Tasks.Extensions (>= 4.5.4)
    NUnit (4.6.1)
      System.Threading.Tasks.Extensions (>= 4.5.4) - restriction: || (== net48) (&& (== netstandard2.0) (>= net462))
      System.ValueTuple (>= 4.4) - restriction: || (== net48) (&& (== netstandard2.0) (>= net462))
    NUnit3TestAdapter (4.6)
    Polly (7.2.2)
    runtime.android-arm.runtime.native.System.IO.Ports (9.0.18) - restriction: || (&& (== net48) (< net462)) (&& (== net48) (>= net8.0)) (== netstandard2.0)
    runtime.android-arm64.runtime.native.System.IO.Ports (9.0.18) - restriction: || (&& (== net48) (< net462)) (&& (== net48) (>= net8.0)) (== netstandard2.0)
    runtime.android-x64.runtime.native.System.IO.Ports (9.0.18) - restriction: || (&& (== net48) (< net462)) (&& (== net48) (>= net8.0)) (== netstandard2.0)
    runtime.android-x86.runtime.native.System.IO.Ports (9.0.18) - restriction: || (&& (== net48) (< net462)) (&& (== net48) (>= net8.0)) (== netstandard2.0)
    runtime.linux-arm.runtime.native.System.IO.Ports (9.0.18) - restriction: || (&& (== net48) (< net462)) (&& (== net48) (>= net8.0)) (== netstandard2.0)
    runtime.linux-arm64.runtime.native.System.IO.Ports (9.0.18) - restriction: || (&& (== net48) (< net462)) (&& (== net48) (>= net8.0)) (== netstandard2.0)
    runtime.linux-bionic-arm64.runtime.native.System.IO.Ports (9.0.18) - restriction: || (&& (== net48) (< net462)) (&& (== net48) (>= net8.0)) (== netstandard2.0)
    runtime.linux-bionic-x64.runtime.native.System.IO.Ports (9.0.18) - restriction: || (&& (== net48) (< net462)) (&& (== net48) (>= net8.0)) (== netstandard2.0)
    runtime.linux-musl-arm.runtime.native.System.IO.Ports (9.0.18) - restriction: || (&& (== net48) (< net462)) (&& (== net48) (>= net8.0)) (== netstandard2.0)
    runtime.linux-musl-arm64.runtime.native.System.IO.Ports (9.0.18) - restriction: || (&& (== net48) (< net462)) (&& (== net48) (>= net8.0)) (== netstandard2.0)
    runtime.linux-musl-x64.runtime.native.System.IO.Ports (9.0.18) - restriction: || (&& (== net48) (< net462)) (&& (== net48) (>= net8.0)) (== netstandard2.0)
    runtime.linux-x64.runtime.native.System.IO.Ports (9.0.18) - restriction: || (&& (== net48) (< net462)) (&& (== net48) (>= net8.0)) (== netstandard2.0)
    runtime.maccatalyst-arm64.runtime.native.System.IO.Ports (9.0.18) - restriction: || (&& (== net48) (< net462)) (&& (== net48) (>= net8.0)) (== netstandard2.0)
    runtime.maccatalyst-x64.runtime.native.System.IO.Ports (9.0.18) - restriction: || (&& (== net48) (< net462)) (&& (== net48) (>= net8.0)) (== netstandard2.0)
    runtime.native.System.IO.Ports (9.0.18) - restriction: || (&& (== net48) (< net462)) (&& (== net48) (>= net8.0)) (== netstandard2.0)
      runtime.android-arm.runtime.native.System.IO.Ports (>= 9.0.18)
      runtime.android-arm64.runtime.native.System.IO.Ports (>= 9.0.18)
      runtime.android-x64.runtime.native.System.IO.Ports (>= 9.0.18)
      runtime.android-x86.runtime.native.System.IO.Ports (>= 9.0.18)
      runtime.linux-arm.runtime.native.System.IO.Ports (>= 9.0.18)
      runtime.linux-arm64.runtime.native.System.IO.Ports (>= 9.0.18)
      runtime.linux-bionic-arm64.runtime.native.System.IO.Ports (>= 9.0.18)
      runtime.linux-bionic-x64.runtime.native.System.IO.Ports (>= 9.0.18)
      runtime.linux-musl-arm.runtime.native.System.IO.Ports (>= 9.0.18)
      runtime.linux-musl-arm64.runtime.native.System.IO.Ports (>= 9.0.18)
      runtime.linux-musl-x64.runtime.native.System.IO.Ports (>= 9.0.18)
      runtime.linux-x64.runtime.native.System.IO.Ports (>= 9.0.18)
      runtime.maccatalyst-arm64.runtime.native.System.IO.Ports (>= 9.0.18)
      runtime.maccatalyst-x64.runtime.native.System.IO.Ports (>= 9.0.18)
      runtime.osx-arm64.runtime.native.System.IO.Ports (>= 9.0.18)
      runtime.osx-x64.runtime.native.System.IO.Ports (>= 9.0.18)
    runtime.osx-arm64.runtime.native.System.IO.Ports (9.0.18) - restriction: || (&& (== net48) (< net462)) (&& (== net48) (>= net8.0)) (== netstandard2.0)
    runtime.osx-x64.runtime.native.System.IO.Ports (9.0.18) - restriction: || (&& (== net48) (< net462)) (&& (== net48) (>= net8.0)) (== netstandard2.0)
    Shouldly (4.0.3)
      DiffEngine (>= 6.4.9)
      EmptyFiles (>= 2.3.3)
      Microsoft.CSharp (>= 4.7)
      System.Memory (>= 4.5.4)
    System.Buffers (4.6.1)
    System.CodeDom (9.0.18)
    System.Collections.Immutable (9.0.18)
      System.Memory (>= 4.5.5)
      System.Runtime.CompilerServices.Unsafe (>= 6.0)
    System.ComponentModel.Annotations (5.0) - restriction: || (&& (== net48) (< net462)) (&& (== net48) (>= netstandard2.1)) (== netstandard2.0)
    System.ComponentModel.Composition (9.0.18)
    System.Composition (8.0)
      System.Composition.AttributedModel (>= 8.0)
      System.Composition.Convention (>= 8.0)
      System.Composition.Hosting (>= 8.0)
      System.Composition.Runtime (>= 8.0)
      System.Composition.TypedParts (>= 8.0)
    System.Composition.AttributedModel (8.0)
    System.Composition.Convention (8.0)
      System.Composition.AttributedModel (>= 8.0)
    System.Composition.Hosting (8.0)
      System.Composition.Runtime (>= 8.0)
    System.Composition.Runtime (8.0)
    System.Composition.TypedParts (8.0)
      System.Composition.AttributedModel (>= 8.0)
      System.Composition.Hosting (>= 8.0)
      System.Composition.Runtime (>= 8.0)
    System.Configuration.ConfigurationManager (9.0.18)
      System.Security.Cryptography.ProtectedData (>= 9.0.18) - restriction: || (&& (== net48) (< net462)) (&& (== net48) (>= net8.0)) (== netstandard2.0)
    System.Data.DataSetExtensions (4.5)
    System.Data.Odbc (9.0.18)
    System.Data.OleDb (9.0.18)
    System.Data.SqlClient (4.9)
    System.Diagnostics.DiagnosticSource (9.0.18)
      System.Memory (>= 4.5.5)
      System.Runtime.CompilerServices.Unsafe (>= 6.0)
    System.Diagnostics.EventLog (9.0.18)
      System.Security.Principal.Windows (>= 5.0)
    System.Diagnostics.PerformanceCounter (9.0.18)
    System.DirectoryServices (9.0.18)
      System.IO.FileSystem.AccessControl (>= 5.0)
      System.Security.AccessControl (>= 6.0)
      System.Security.Principal.Windows (>= 5.0)
    System.DirectoryServices.AccountManagement (9.0.18)
      Microsoft.Bcl.Cryptography (>= 9.0.18)
      System.Security.Principal.Windows (>= 5.0)
    System.DirectoryServices.Protocols (9.0.18)
      System.Security.Principal.Windows (>= 5.0)
    System.Drawing.Common (9.0.18)
    System.Formats.Asn1 (9.0.18)
      System.Buffers (>= 4.5.1)
      System.Memory (>= 4.5.5)
      System.ValueTuple (>= 4.5) - restriction: || (== net48) (&& (== netstandard2.0) (>= net462))
    System.IO (4.3) - restriction: || (== net48) (&& (== netstandard2.0) (>= net47)) (&& (== netstandard2.0) (< netstandard1.4)) (&& (== netstandard2.0) (< netstandard1.6))
    System.IO.FileSystem.AccessControl (5.0)
      System.Buffers (>= 4.5.1) - restriction: || (&& (== net48) (>= monoandroid) (< netstandard1.3)) (&& (== net48) (>= monotouch)) (&& (== net48) (< net46)) (&& (== net48) (>= xamarinios)) (&& (== net48) (>= xamarinmac)) (&& (== net48) (>= xamarintvos)) (&& (== net48) (>= xamarinwatchos)) (== netstandard2.0)
      System.Memory (>= 4.5.4) - restriction: || (&& (== net48) (< net46)) (&& (== net48) (>= netcoreapp2.0)) (&& (== net48) (>= uap10.1)) (== netstandard2.0)
      System.Security.AccessControl (>= 5.0)
      System.Security.Principal.Windows (>= 5.0)
    System.IO.Packaging (9.0.18)
      System.Memory (>= 4.5.5) - restriction: || (&& (== net48) (< net462)) (== netstandard2.0)
    System.IO.Pipelines (9.0.18)
      System.Buffers (>= 4.5.1)
      System.Memory (>= 4.5.5)
      System.Threading.Tasks.Extensions (>= 4.5.4)
    System.IO.Pipes.AccessControl (5.0)
      System.Security.AccessControl (>= 5.0)
      System.Security.Principal.Windows (>= 5.0)
    System.IO.Ports (9.0.18)
      runtime.native.System.IO.Ports (>= 9.0.18) - restriction: || (&& (== net48) (< net462)) (&& (== net48) (>= net8.0)) (== netstandard2.0)
    System.Management (9.0.18)
      System.CodeDom (>= 9.0.18)
    System.Memory (4.6.3)
      System.Buffers (>= 4.6.1)
      System.Numerics.Vectors (>= 4.6.1)
      System.Runtime.CompilerServices.Unsafe (>= 6.1.2)
    System.Numerics.Vectors (4.6.1)
    System.Reflection.Context (9.0.18)
    System.Reflection.Emit (4.7)
      System.Reflection.Emit.ILGeneration (>= 4.7) - restriction: || (&& (== net48) (< net45)) (&& (== net48) (< netstandard1.1)) (&& (== net48) (< netstandard2.0) (>= wpa81)) (&& (== net48) (>= uap10.1)) (== netstandard2.0)
    System.Reflection.Emit.ILGeneration (4.7)
    System.Reflection.Emit.Lightweight (4.7)
      System.Reflection.Emit.ILGeneration (>= 4.7) - restriction: || (&& (== net48) (< net45)) (&& (== net48) (< netstandard2.0) (>= wpa81)) (&& (== net48) (< portable-net45+wp8)) (&& (== net48) (>= uap10.1)) (== netstandard2.0)
    System.Reflection.Metadata (9.0.18)
      System.Collections.Immutable (>= 9.0.18)
      System.Memory (>= 4.5.5)
    System.Runtime (4.3) - restriction: || (== net48) (&& (== netstandard2.0) (>= net47)) (&& (== netstandard2.0) (< netstandard1.4)) (&& (== netstandard2.0) (< netstandard1.6))
    System.Runtime.Caching (9.0.18)
      System.Configuration.ConfigurationManager (>= 9.0.18)
    System.Runtime.CompilerServices.Unsafe (6.1.2)
    System.Runtime.InteropServices.RuntimeInformation (4.3) - restriction: || (== net48) (&& (== netstandard2.0) (>= net461))
    System.Security.AccessControl (6.0)
      System.Security.Principal.Windows (>= 5.0)
    System.Security.Cryptography.Algorithms (4.3.1) - restriction: || (== net48) (&& (== netstandard2.0) (>= net47)) (&& (== netstandard2.0) (< netstandard1.4)) (&& (== netstandard2.0) (< netstandard1.6))
      System.IO (>= 4.3)
      System.Runtime (>= 4.3)
      System.Security.Cryptography.Encoding (>= 4.3)
      System.Security.Cryptography.Primitives (>= 4.3)
    System.Security.Cryptography.Cng (5.0)
      System.Security.Cryptography.Algorithms (>= 4.3.1) - restriction: || (== net48) (&& (== netstandard2.0) (>= net47)) (&& (== netstandard2.0) (< netstandard1.4)) (&& (== netstandard2.0) (< netstandard1.6))
    System.Security.Cryptography.Encoding (4.3) - restriction: || (== net48) (&& (== netstandard2.0) (>= net47)) (&& (== netstandard2.0) (< netstandard1.4)) (&& (== netstandard2.0) (< netstandard1.6))
    System.Security.Cryptography.Pkcs (9.0.18)
      Microsoft.Bcl.Cryptography (>= 9.0.18)
      System.Buffers (>= 4.5.1) - restriction: || (&& (== net48) (< net462)) (== netstandard2.0)
      System.Formats.Asn1 (>= 9.0.18) - restriction: || (&& (== net48) (< net462)) (&& (== net48) (>= net8.0)) (&& (== net48) (>= netstandard2.1)) (== netstandard2.0)
      System.Memory (>= 4.5.5) - restriction: || (&& (== net48) (< net462)) (== netstandard2.0)
      System.Runtime.CompilerServices.Unsafe (>= 6.0) - restriction: || (&& (== net48) (< net462)) (&& (== net48) (>= netstandard2.1)) (== netstandard2.0)
      System.Security.Cryptography.Cng (>= 5.0) - restriction: || (&& (== net48) (< net462)) (&& (== net48) (>= netstandard2.1)) (== netstandard2.0)
    System.Security.Cryptography.Primitives (4.3) - restriction: || (== net48) (&& (== netstandard2.0) (>= net47)) (&& (== netstandard2.0) (< netstandard1.4)) (&& (== netstandard2.0) (< netstandard1.6))
    System.Security.Cryptography.ProtectedData (9.0.18)
      System.Memory (>= 4.5.5) - restriction: || (&& (== net48) (< net462)) (== netstandard2.0)
    System.Security.Cryptography.Xml (9.0.18)
      Microsoft.Bcl.Cryptography (>= 9.0.18)
      System.Memory (>= 4.5.5) - restriction: || (&& (== net48) (< net462)) (== netstandard2.0)
      System.Security.AccessControl (>= 6.0) - restriction: || (&& (== net48) (< net462)) (== netstandard2.0)
      System.Security.Cryptography.Pkcs (>= 9.0.18) - restriction: || (&& (== net48) (< net462)) (&& (== net48) (>= net8.0)) (== netstandard2.0)
    System.Security.Permissions (9.0.18)
      System.Security.AccessControl (>= 6.0)
    System.Security.Principal.Windows (5.0)
    System.ServiceModel.Duplex (6.0)
    System.ServiceModel.Http (8.1.2)
      System.ServiceModel.Primitives (>= 8.1.2) - restriction: || (&& (== net48) (< net462)) (&& (== net48) (>= net8.0)) (== netstandard2.0)
    System.ServiceModel.NetTcp (8.1.2)
      System.ServiceModel.Primitives (>= 8.1.2) - restriction: || (&& (== net48) (< net462)) (&& (== net48) (>= net8.0)) (== netstandard2.0)
    System.ServiceModel.Primitives (8.1.2)
      System.Security.Principal.Windows (>= 5.0) - restriction: || (&& (== net48) (< net462)) (== netstandard2.0)
    System.ServiceModel.Security (6.0)
    System.ServiceModel.Syndication (9.0.18)
    System.ServiceProcess.ServiceController (9.0.18)
      System.Diagnostics.EventLog (>= 9.0.18)
    System.Speech (9.0.18)
    System.Text.Encoding.CodePages (9.0.18)
      System.Memory (>= 4.5.5)
      System.Runtime.CompilerServices.Unsafe (>= 6.0)
    System.Text.Encodings.Web (9.0.18)
      System.Buffers (>= 4.5.1)
      System.Memory (>= 4.5.5)
      System.Runtime.CompilerServices.Unsafe (>= 6.0)
    System.Text.Json (9.0.18)
      Microsoft.Bcl.AsyncInterfaces (>= 9.0.18)
      System.Buffers (>= 4.5.1)
      System.IO.Pipelines (>= 9.0.18)
      System.Memory (>= 4.5.5)
      System.Runtime.CompilerServices.Unsafe (>= 6.0)
      System.Text.Encodings.Web (>= 9.0.18)
      System.Threading.Tasks.Extensions (>= 4.5.4)
      System.ValueTuple (>= 4.5) - restriction: || (== net48) (&& (== netstandard2.0) (>= net462))
    System.Threading.AccessControl (9.0.18)
      System.Memory (>= 4.5.5) - restriction: || (&& (== net48) (< net462)) (== netstandard2.0)
      System.Security.AccessControl (>= 6.0)
      System.Security.Principal.Windows (>= 5.0)
    System.Threading.Channels (7.0)
      System.Threading.Tasks.Extensions (>= 4.5.4)
    System.Threading.Tasks.Extensions (4.5.4)
      System.Runtime.CompilerServices.Unsafe (>= 4.5.3)
    System.ValueTuple (4.6.2)
    System.Web.Services.Description (4.10.3)
    ZString (2.5)
      System.Memory (>= 4.5.3)
